
Microsoft Visual Studio Solution File, Format Version 12.00
# Visual Studio Version 17
VisualStudioVersion = 17.5.002.0
MinimumVisualStudioVersion = 10.0.40219.1
Project("{2150E333-8FDC-42A3-9474-1A3956D46DE8}") = "Scripts", "Scripts", "{9D349D50-1D9F-44A6-879C-C66B8BC08FF3}"
EndProject
Project("{2150E333-8FDC-42A3-9474-1A3956D46DE8}") = "mongo", "mongo", "{E01028AD-E86F-4987-8D0A-189BCC10B460}"
EndProject
Project("{9A19103F-16F7-4668-BE54-9A1E7A4F7556}") = "Comosdb", "Scripts\mongo\dotnet\Comosdb.csproj", "{3C005B0E-7C27-4EDB-9B77-032E00C4FEDA}"
EndProject
Project("{2150E333-8FDC-42A3-9474-1A3956D46DE8}") = "Templates", "Templates", "{59818499-9AA7-474B-A602-9F78EB7EB570}"
EndProject
Project("{2150E333-8FDC-42A3-9474-1A3956D46DE8}") = "UserDelegatedSASToken", "UserDelegatedSASToken", "{875FFA62-219C-4CA3-9552-1C2A67983B88}"
EndProject
Project("{9A19103F-16F7-4668-BE54-9A1E7A4F7556}") = "usersastoken", "Templates\UserDelegatedSASToken\src\usersastoken.csproj", "{6D6D6B4E-F6F7-4E9E-A2A1-3BB7C34DA0A2}"
EndProject
Global
	GlobalSection(SolutionConfigurationPlatforms) = preSolution
		Debug|Any CPU = Debug|Any CPU
		Release|Any CPU = Release|Any CPU
	EndGlobalSection
	GlobalSection(ProjectConfigurationPlatforms) = postSolution
		{3C005B0E-7C27-4EDB-9B77-032E00C4FEDA}.Debug|Any CPU.ActiveCfg = Debug|Any CPU
		{3C005B0E-7C27-4EDB-9B77-032E00C4FEDA}.Debug|Any CPU.Build.0 = Debug|Any CPU
		{3C005B0E-7C27-4EDB-9B77-032E00C4FEDA}.Release|Any CPU.ActiveCfg = Release|Any CPU
		{3C005B0E-7C27-4EDB-9B77-032E00C4FEDA}.Release|Any CPU.Build.0 = Release|Any CPU
		{6D6D6B4E-F6F7-4E9E-A2A1-3BB7C34DA0A2}.Debug|Any CPU.ActiveCfg = Debug|Any CPU
		{6D6D6B4E-F6F7-4E9E-A2A1-3BB7C34DA0A2}.Debug|Any CPU.Build.0 = Debug|Any CPU
		{6D6D6B4E-F6F7-4E9E-A2A1-3BB7C34DA0A2}.Release|Any CPU.ActiveCfg = Release|Any CPU
		{6D6D6B4E-F6F7-4E9E-A2A1-3BB7C34DA0A2}.Release|Any CPU.Build.0 = Release|Any CPU
	EndGlobalSection
	GlobalSection(SolutionProperties) = preSolution
		HideSolutionNode = FALSE
	EndGlobalSection
	GlobalSection(NestedProjects) = preSolution
		{E01028AD-E86F-4987-8D0A-189BCC10B460} = {9D349D50-1D9F-44A6-879C-C66B8BC08FF3}
		{3C005B0E-7C27-4EDB-9B77-032E00C4FEDA} = {E01028AD-E86F-4987-8D0A-189BCC10B460}
		{875FFA62-219C-4CA3-9552-1C2A67983B88} = {59818499-9AA7-474B-A602-9F78EB7EB570}
		{6D6D6B4E-F6F7-4E9E-A2A1-3BB7C34DA0A2} = {875FFA62-219C-4CA3-9552-1C2A67983B88}
	EndGlobalSection
	GlobalSection(ExtensibilityGlobals) = postSolution
		SolutionGuid = {9D5A99A3-9C0E-4347-BD41-B0E7DBD1F90B}
	EndGlobalSection
EndGlobal
